// !$*UTF8*$!
{
	archiveVersion = 1;
	classes = {
	};
	objectVersion = 46;
	objects = {

/* Begin PBXBuildFile section */
		563D97FD18DE38180094FE3E /* Foundation.framework in Frameworks */ = {isa = PBXBuildFile; fileRef = 563D97FC18DE38180094FE3E /* Foundation.framework */; };
		563D97FF18DE38180094FE3E /* CoreGraphics.framework in Frameworks */ = {isa = PBXBuildFile; fileRef = 563D97FE18DE38180094FE3E /* CoreGraphics.framework */; };
		563D980118DE38180094FE3E /* UIKit.framework in Frameworks */ = {isa = PBXBuildFile; fileRef = 563D980018DE38180094FE3E /* UIKit.framework */; };
		563D980718DE38180094FE3E /* InfoPlist.strings in Resources */ = {isa = PBXBuildFile; fileRef = 563D980518DE38180094FE3E /* InfoPlist.strings */; };
		563D980918DE38180094FE3E /* main.m in Sources */ = {isa = PBXBuildFile; fileRef = 563D980818DE38180094FE3E /* main.m */; };
		563D980D18DE38180094FE3E /* AppDelegate.m in Sources */ = {isa = PBXBuildFile; fileRef = 563D980C18DE38180094FE3E /* AppDelegate.m */; };
		563D981018DE38180094FE3E /* Main.storyboard in Resources */ = {isa = PBXBuildFile; fileRef = 563D980E18DE38180094FE3E /* Main.storyboard */; };
		563D981318DE38190094FE3E /* ViewController.m in Sources */ = {isa = PBXBuildFile; fileRef = 563D981218DE38190094FE3E /* ViewController.m */; };
		563D981518DE38190094FE3E /* Images.xcassets in Resources */ = {isa = PBXBuildFile; fileRef = 563D981418DE38190094FE3E /* Images.xcassets */; };
		563D981C18DE38190094FE3E /* XCTest.framework in Frameworks */ = {isa = PBXBuildFile; fileRef = 563D981B18DE38190094FE3E /* XCTest.framework */; };
		563D981D18DE38190094FE3E /* Foundation.framework in Frameworks */ = {isa = PBXBuildFile; fileRef = 563D97FC18DE38180094FE3E /* Foundation.framework */; };
		563D981E18DE38190094FE3E /* UIKit.framework in Frameworks */ = {isa = PBXBuildFile; fileRef = 563D980018DE38180094FE3E /* UIKit.framework */; };
		563D982618DE38190094FE3E /* InfoPlist.strings in Resources */ = {isa = PBXBuildFile; fileRef = 563D982418DE38190094FE3E /* InfoPlist.strings */; };
		563D982818DE381A0094FE3E /* trial1_kickmotion_rhkTests.m in Sources */ = {isa = PBXBuildFile; fileRef = 563D982718DE381A0094FE3E /* trial1_kickmotion_rhkTests.m */; };
		563D98C418DE56F00094FE3E /* background.png in Resources */ = {isa = PBXBuildFile; fileRef = 563D98C318DE56F00094FE3E /* background.png */; };
		568DC7FC18DE76C500AFF785 /* back.png in Resources */ = {isa = PBXBuildFile; fileRef = 568DC7FB18DE76C500AFF785 /* back.png */; };
		568DC80018DE76CD00AFF785 /* prhk.png in Resources */ = {isa = PBXBuildFile; fileRef = 568DC7FD18DE76CD00AFF785 /* prhk.png */; };
		568DC80118DE76CD00AFF785 /* rhk.png in Resources */ = {isa = PBXBuildFile; fileRef = 568DC7FE18DE76CD00AFF785 /* rhk.png */; };
		568DC80218DE76CD00AFF785 /* stand1.png in Resources */ = {isa = PBXBuildFile; fileRef = 568DC7FF18DE76CD00AFF785 /* stand1.png */; };
		568DC80418DE7FEE00AFF785 /* prhk1.png in Resources */ = {isa = PBXBuildFile; fileRef = 568DC80318DE7FEE00AFF785 /* prhk1.png */; };
		568DC80618DE82B500AFF785 /* brhk.png in Resources */ = {isa = PBXBuildFile; fileRef = 568DC80518DE82B500AFF785 /* brhk.png */; };
		568DC80818DE82BA00AFF785 /* bprhk1.png in Resources */ = {isa = PBXBuildFile; fileRef = 568DC80718DE82BA00AFF785 /* bprhk1.png */; };
		568FB6E618DF896500147D1E /* rl_akickp1.png in Resources */ = {isa = PBXBuildFile; fileRef = 568FB6E218DF896500147D1E /* rl_akickp1.png */; };
		568FB6E718DF896500147D1E /* rl_akickp2.png in Resources */ = {isa = PBXBuildFile; fileRef = 568FB6E318DF896500147D1E /* rl_akickp2.png */; };
		568FB6F018DF8FAA00147D1E /* sparring.m in Sources */ = {isa = PBXBuildFile; fileRef = 568FB6EF18DF8FAA00147D1E /* sparring.m */; };
		568FB6F218DF9D3B00147D1E /* martha.png in Resources */ = {isa = PBXBuildFile; fileRef = 568FB6F118DF9D3B00147D1E /* martha.png */; };
		568FB6F418DFAA9000147D1E /* rl_akickp3.png in Resources */ = {isa = PBXBuildFile; fileRef = 568FB6F318DFAA9000147D1E /* rl_akickp3.png */; };
		568FB6F618DFAAA200147D1E /* rl_akickre.png in Resources */ = {isa = PBXBuildFile; fileRef = 568FB6F518DFAAA200147D1E /* rl_akickre.png */; };
		568FB6FC18DFB0BF00147D1E /* ll_akick.png in Resources */ = {isa = PBXBuildFile; fileRef = 568FB6F718DFB0BF00147D1E /* ll_akick.png */; };
		568FB6FD18DFB0BF00147D1E /* ll_akickp1.png in Resources */ = {isa = PBXBuildFile; fileRef = 568FB6F818DFB0BF00147D1E /* ll_akickp1.png */; };
		568FB6FE18DFB0BF00147D1E /* ll_akickp2.png in Resources */ = {isa = PBXBuildFile; fileRef = 568FB6F918DFB0BF00147D1E /* ll_akickp2.png */; };
		568FB6FF18DFB0BF00147D1E /* ll_akickp3.png in Resources */ = {isa = PBXBuildFile; fileRef = 568FB6FA18DFB0BF00147D1E /* ll_akickp3.png */; };
		568FB70018DFB0BF00147D1E /* ll_akickre.png in Resources */ = {isa = PBXBuildFile; fileRef = 568FB6FB18DFB0BF00147D1E /* ll_akickre.png */; };
		568FB70218DFB16F00147D1E /* rl_akick.png in Resources */ = {isa = PBXBuildFile; fileRef = 568FB70118DFB16F00147D1E /* rl_akick.png */; };
		568FB70918DFB41100147D1E /* rl_bkick.png in Resources */ = {isa = PBXBuildFile; fileRef = 568FB70318DFB41100147D1E /* rl_bkick.png */; };
		568FB70A18DFB41100147D1E /* rl_bkickp1.png in Resources */ = {isa = PBXBuildFile; fileRef = 568FB70418DFB41100147D1E /* rl_bkickp1.png */; };
		568FB70B18DFB41100147D1E /* rl_bkickp2.png in Resources */ = {isa = PBXBuildFile; fileRef = 568FB70518DFB41100147D1E /* rl_bkickp2.png */; };
		568FB70C18DFB41100147D1E /* rl_bkickp3.png in Resources */ = {isa = PBXBuildFile; fileRef = 568FB70618DFB41100147D1E /* rl_bkickp3.png */; };
		568FB70D18DFB41100147D1E /* rl_bkickp4.png in Resources */ = {isa = PBXBuildFile; fileRef = 568FB70718DFB41100147D1E /* rl_bkickp4.png */; };
		568FB70E18DFB41100147D1E /* rl_bkickre.png in Resources */ = {isa = PBXBuildFile; fileRef = 568FB70818DFB41100147D1E /* rl_bkickre.png */; };
		88F07DE018E39A2A008F2606 /* Player.m in Sources */ = {isa = PBXBuildFile; fileRef = 88F07DDF18E39A2A008F2606 /* Player.m */; };
		88F07DE318E3D67E008F2606 /* PlayerContainer.m in Sources */ = {isa = PBXBuildFile; fileRef = 88F07DE218E3D67E008F2606 /* PlayerContainer.m */; };
/* End PBXBuildFile section */

/* Begin PBXContainerItemProxy section */
		563D981F18DE38190094FE3E /* PBXContainerItemProxy */ = {
			isa = PBXContainerItemProxy;
			containerPortal = 563D97F118DE38180094FE3E /* Project object */;
			proxyType = 1;
			remoteGlobalIDString = 563D97F818DE38180094FE3E;
			remoteInfo = "trial1_kickmotion rhk";
		};
/* End PBXContainerItemProxy section */

/* Begin PBXFileReference section */
		563D97F918DE38180094FE3E /* trial1_kickmotion rhk.app */ = {isa = PBXFileReference; explicitFileType = wrapper.application; includeInIndex = 0; path = "trial1_kickmotion rhk.app"; sourceTree = BUILT_PRODUCTS_DIR; };
		563D97FC18DE38180094FE3E /* Foundation.framework */ = {isa = PBXFileReference; lastKnownFileType = wrapper.framework; name = Foundation.framework; path = System/Library/Frameworks/Foundation.framework; sourceTree = SDKROOT; };
		563D97FE18DE38180094FE3E /* CoreGraphics.framework */ = {isa = PBXFileReference; lastKnownFileType = wrapper.framework; name = CoreGraphics.framework; path = System/Library/Frameworks/CoreGraphics.framework; sourceTree = SDKROOT; };
		563D980018DE38180094FE3E /* UIKit.framework */ = {isa = PBXFileReference; lastKnownFileType = wrapper.framework; name = UIKit.framework; path = System/Library/Frameworks/UIKit.framework; sourceTree = SDKROOT; };
		563D980418DE38180094FE3E /* trial1_kickmotion rhk-Info.plist */ = {isa = PBXFileReference; lastKnownFileType = text.plist.xml; path = "trial1_kickmotion rhk-Info.plist"; sourceTree = "<group>"; };
		563D980618DE38180094FE3E /* en */ = {isa = PBXFileReference; lastKnownFileType = text.plist.strings; name = en; path = en.lproj/InfoPlist.strings; sourceTree = "<group>"; };
		563D980818DE38180094FE3E /* main.m */ = {isa = PBXFileReference; lastKnownFileType = sourcecode.c.objc; path = main.m; sourceTree = "<group>"; };
		563D980A18DE38180094FE3E /* trial1_kickmotion rhk-Prefix.pch */ = {isa = PBXFileReference; lastKnownFileType = sourcecode.c.h; path = "trial1_kickmotion rhk-Prefix.pch"; sourceTree = "<group>"; };
		563D980B18DE38180094FE3E /* AppDelegate.h */ = {isa = PBXFileReference; lastKnownFileType = sourcecode.c.h; path = AppDelegate.h; sourceTree = "<group>"; };
		563D980C18DE38180094FE3E /* AppDelegate.m */ = {isa = PBXFileReference; lastKnownFileType = sourcecode.c.objc; path = AppDelegate.m; sourceTree = "<group>"; };
		563D980F18DE38180094FE3E /* Base */ = {isa = PBXFileReference; lastKnownFileType = file.storyboard; name = Base; path = Base.lproj/Main.storyboard; sourceTree = "<group>"; };
		563D981118DE38180094FE3E /* ViewController.h */ = {isa = PBXFileReference; lastKnownFileType = sourcecode.c.h; path = ViewController.h; sourceTree = "<group>"; };
		563D981218DE38190094FE3E /* ViewController.m */ = {isa = PBXFileReference; lastKnownFileType = sourcecode.c.objc; path = ViewController.m; sourceTree = "<group>"; };
		563D981418DE38190094FE3E /* Images.xcassets */ = {isa = PBXFileReference; lastKnownFileType = folder.assetcatalog; path = Images.xcassets; sourceTree = "<group>"; };
		563D981A18DE38190094FE3E /* trial1_kickmotion rhkTests.xctest */ = {isa = PBXFileReference; explicitFileType = wrapper.cfbundle; includeInIndex = 0; path = "trial1_kickmotion rhkTests.xctest"; sourceTree = BUILT_PRODUCTS_DIR; };
		563D981B18DE38190094FE3E /* XCTest.framework */ = {isa = PBXFileReference; lastKnownFileType = wrapper.framework; name = XCTest.framework; path = Library/Frameworks/XCTest.framework; sourceTree = DEVELOPER_DIR; };
		563D982318DE38190094FE3E /* trial1_kickmotion rhkTests-Info.plist */ = {isa = PBXFileReference; lastKnownFileType = text.plist.xml; path = "trial1_kickmotion rhkTests-Info.plist"; sourceTree = "<group>"; };
		563D982518DE38190094FE3E /* en */ = {isa = PBXFileReference; lastKnownFileType = text.plist.strings; name = en; path = en.lproj/InfoPlist.strings; sourceTree = "<group>"; };
		563D982718DE381A0094FE3E /* trial1_kickmotion_rhkTests.m */ = {isa = PBXFileReference; lastKnownFileType = sourcecode.c.objc; path = trial1_kickmotion_rhkTests.m; sourceTree = "<group>"; };
		563D98C318DE56F00094FE3E /* background.png */ = {isa = PBXFileReference; lastKnownFileType = image.png; path = background.png; sourceTree = "<group>"; };
		568DC7FB18DE76C500AFF785 /* back.png */ = {isa = PBXFileReference; lastKnownFileType = image.png; path = back.png; sourceTree = "<group>"; };
		568DC7FD18DE76CD00AFF785 /* prhk.png */ = {isa = PBXFileReference; lastKnownFileType = image.png; path = prhk.png; sourceTree = "<group>"; };
		568DC7FE18DE76CD00AFF785 /* rhk.png */ = {isa = PBXFileReference; lastKnownFileType = image.png; path = rhk.png; sourceTree = "<group>"; };
		568DC7FF18DE76CD00AFF785 /* stand1.png */ = {isa = PBXFileReference; lastKnownFileType = image.png; path = stand1.png; sourceTree = "<group>"; };
		568DC80318DE7FEE00AFF785 /* prhk1.png */ = {isa = PBXFileReference; lastKnownFileType = image.png; path = prhk1.png; sourceTree = "<group>"; };
		568DC80518DE82B500AFF785 /* brhk.png */ = {isa = PBXFileReference; lastKnownFileType = image.png; path = brhk.png; sourceTree = "<group>"; };
		568DC80718DE82BA00AFF785 /* bprhk1.png */ = {isa = PBXFileReference; lastKnownFileType = image.png; path = bprhk1.png; sourceTree = "<group>"; };
		568FB6E218DF896500147D1E /* rl_akickp1.png */ = {isa = PBXFileReference; lastKnownFileType = image.png; path = rl_akickp1.png; sourceTree = "<group>"; };
		568FB6E318DF896500147D1E /* rl_akickp2.png */ = {isa = PBXFileReference; lastKnownFileType = image.png; path = rl_akickp2.png; sourceTree = "<group>"; };
		568FB6EE18DF8FAA00147D1E /* sparring.h */ = {isa = PBXFileReference; fileEncoding = 4; lastKnownFileType = sourcecode.c.h; name = sparring.h; path = ../sparring.h; sourceTree = "<group>"; };
		568FB6EF18DF8FAA00147D1E /* sparring.m */ = {isa = PBXFileReference; fileEncoding = 4; lastKnownFileType = sourcecode.c.objc; name = sparring.m; path = ../sparring.m; sourceTree = "<group>"; };
		568FB6F118DF9D3B00147D1E /* martha.png */ = {isa = PBXFileReference; lastKnownFileType = image.png; path = martha.png; sourceTree = "<group>"; };
		568FB6F318DFAA9000147D1E /* rl_akickp3.png */ = {isa = PBXFileReference; lastKnownFileType = image.png; path = rl_akickp3.png; sourceTree = "<group>"; };
		568FB6F518DFAAA200147D1E /* rl_akickre.png */ = {isa = PBXFileReference; lastKnownFileType = image.png; path = rl_akickre.png; sourceTree = "<group>"; };
		568FB6F718DFB0BF00147D1E /* ll_akick.png */ = {isa = PBXFileReference; lastKnownFileType = image.png; path = ll_akick.png; sourceTree = "<group>"; };
		568FB6F818DFB0BF00147D1E /* ll_akickp1.png */ = {isa = PBXFileReference; lastKnownFileType = image.png; path = ll_akickp1.png; sourceTree = "<group>"; };
		568FB6F918DFB0BF00147D1E /* ll_akickp2.png */ = {isa = PBXFileReference; lastKnownFileType = image.png; path = ll_akickp2.png; sourceTree = "<group>"; };
		568FB6FA18DFB0BF00147D1E /* ll_akickp3.png */ = {isa = PBXFileReference; lastKnownFileType = image.png; path = ll_akickp3.png; sourceTree = "<group>"; };
		568FB6FB18DFB0BF00147D1E /* ll_akickre.png */ = {isa = PBXFileReference; lastKnownFileType = image.png; path = ll_akickre.png; sourceTree = "<group>"; };
		568FB70118DFB16F00147D1E /* rl_akick.png */ = {isa = PBXFileReference; lastKnownFileType = image.png; path = rl_akick.png; sourceTree = "<group>"; };
		568FB70318DFB41100147D1E /* rl_bkick.png */ = {isa = PBXFileReference; lastKnownFileType = image.png; path = rl_bkick.png; sourceTree = "<group>"; };
		568FB70418DFB41100147D1E /* rl_bkickp1.png */ = {isa = PBXFileReference; lastKnownFileType = image.png; path = rl_bkickp1.png; sourceTree = "<group>"; };
		568FB70518DFB41100147D1E /* rl_bkickp2.png */ = {isa = PBXFileReference; lastKnownFileType = image.png; path = rl_bkickp2.png; sourceTree = "<group>"; };
		568FB70618DFB41100147D1E /* rl_bkickp3.png */ = {isa = PBXFileReference; lastKnownFileType = image.png; path = rl_bkickp3.png; sourceTree = "<group>"; };
		568FB70718DFB41100147D1E /* rl_bkickp4.png */ = {isa = PBXFileReference; lastKnownFileType = image.png; path = rl_bkickp4.png; sourceTree = "<group>"; };
		568FB70818DFB41100147D1E /* rl_bkickre.png */ = {isa = PBXFileReference; lastKnownFileType = image.png; path = rl_bkickre.png; sourceTree = "<group>"; };
		88F07DDE18E39A2A008F2606 /* Player.h */ = {isa = PBXFileReference; fileEncoding = 4; lastKnownFileType = sourcecode.c.h; path = Player.h; sourceTree = "<group>"; };
		88F07DDF18E39A2A008F2606 /* Player.m */ = {isa = PBXFileReference; fileEncoding = 4; lastKnownFileType = sourcecode.c.objc; path = Player.m; sourceTree = "<group>"; };
		88F07DE118E3D67E008F2606 /* PlayerContainer.h */ = {isa = PBXFileReference; fileEncoding = 4; lastKnownFileType = sourcecode.c.h; path = PlayerContainer.h; sourceTree = "<group>"; };
		88F07DE218E3D67E008F2606 /* PlayerContainer.m */ = {isa = PBXFileReference; fileEncoding = 4; lastKnownFileType = sourcecode.c.objc; path = PlayerContainer.m; sourceTree = "<group>"; };
/* End PBXFileReference section */

/* Begin PBXFrameworksBuildPhase section */
		563D97F618DE38180094FE3E /* Frameworks */ = {
			isa = PBXFrameworksBuildPhase;
			buildActionMask = 2147483647;
			files = (
				563D97FF18DE38180094FE3E /* CoreGraphics.framework in Frameworks */,
				563D980118DE38180094FE3E /* UIKit.framework in Frameworks */,
				563D97FD18DE38180094FE3E /* Foundation.framework in Frameworks */,
			);
			runOnlyForDeploymentPostprocessing = 0;
		};
		563D981718DE38190094FE3E /* Frameworks */ = {
			isa = PBXFrameworksBuildPhase;
			buildActionMask = 2147483647;
			files = (
				563D981C18DE38190094FE3E /* XCTest.framework in Frameworks */,
				563D981E18DE38190094FE3E /* UIKit.framework in Frameworks */,
				563D981D18DE38190094FE3E /* Foundation.framework in Frameworks */,
			);
			runOnlyForDeploymentPostprocessing = 0;
		};
/* End PBXFrameworksBuildPhase section */

/* Begin PBXGroup section */
		563D97F018DE38180094FE3E = {
			isa = PBXGroup;
			children = (
				563D980218DE38180094FE3E /* trial1_kickmotion rhk */,
				563D982118DE38190094FE3E /* trial1_kickmotion rhkTests */,
				563D97FB18DE38180094FE3E /* Frameworks */,
				563D97FA18DE38180094FE3E /* Products */,
			);
			sourceTree = "<group>";
		};
		563D97FA18DE38180094FE3E /* Products */ = {
			isa = PBXGroup;
			children = (
				563D97F918DE38180094FE3E /* trial1_kickmotion rhk.app */,
				563D981A18DE38190094FE3E /* trial1_kickmotion rhkTests.xctest */,
			);
			name = Products;
			sourceTree = "<group>";
		};
		563D97FB18DE38180094FE3E /* Frameworks */ = {
			isa = PBXGroup;
			children = (
				563D97FC18DE38180094FE3E /* Foundation.framework */,
				563D97FE18DE38180094FE3E /* CoreGraphics.framework */,
				563D980018DE38180094FE3E /* UIKit.framework */,
				563D981B18DE38190094FE3E /* XCTest.framework */,
			);
			name = Frameworks;
			sourceTree = "<group>";
		};
		563D980218DE38180094FE3E /* trial1_kickmotion rhk */ = {
			isa = PBXGroup;
			children = (
				563D980B18DE38180094FE3E /* AppDelegate.h */,
				563D980C18DE38180094FE3E /* AppDelegate.m */,
				563D980E18DE38180094FE3E /* Main.storyboard */,
				563D981118DE38180094FE3E /* ViewController.h */,
				563D981218DE38190094FE3E /* ViewController.m */,
				568FB6EE18DF8FAA00147D1E /* sparring.h */,
				568FB6EF18DF8FAA00147D1E /* sparring.m */,
				88F07DDE18E39A2A008F2606 /* Player.h */,
				88F07DDF18E39A2A008F2606 /* Player.m */,
				88F07DE118E3D67E008F2606 /* PlayerContainer.h */,
				88F07DE218E3D67E008F2606 /* PlayerContainer.m */,
				563D981418DE38190094FE3E /* Images.xcassets */,
				563D980318DE38180094FE3E /* Supporting Files */,
			);
			path = "trial1_kickmotion rhk";
			sourceTree = "<group>";
		};
		563D980318DE38180094FE3E /* Supporting Files */ = {
			isa = PBXGroup;
			children = (
				568FB70418DFB41100147D1E /* rl_bkickp1.png */,
				568FB70518DFB41100147D1E /* rl_bkickp2.png */,
				568FB70618DFB41100147D1E /* rl_bkickp3.png */,
				568FB70718DFB41100147D1E /* rl_bkickp4.png */,
				568FB70318DFB41100147D1E /* rl_bkick.png */,
				568FB70818DFB41100147D1E /* rl_bkickre.png */,
				568FB6F118DF9D3B00147D1E /* martha.png */,
				568FB70118DFB16F00147D1E /* rl_akick.png */,
				568FB6E218DF896500147D1E /* rl_akickp1.png */,
				568FB6E318DF896500147D1E /* rl_akickp2.png */,
				568FB6F318DFAA9000147D1E /* rl_akickp3.png */,
				568FB6F518DFAAA200147D1E /* rl_akickre.png */,
				568FB6F718DFB0BF00147D1E /* ll_akick.png */,
				568FB6F818DFB0BF00147D1E /* ll_akickp1.png */,
				568FB6F918DFB0BF00147D1E /* ll_akickp2.png */,
				568FB6FA18DFB0BF00147D1E /* ll_akickp3.png */,
				568FB6FB18DFB0BF00147D1E /* ll_akickre.png */,
				568DC80718DE82BA00AFF785 /* bprhk1.png */,
				568DC80518DE82B500AFF785 /* brhk.png */,
				568DC80318DE7FEE00AFF785 /* prhk1.png */,
				568DC7FD18DE76CD00AFF785 /* prhk.png */,
				568DC7FE18DE76CD00AFF785 /* rhk.png */,
				568DC7FF18DE76CD00AFF785 /* stand1.png */,
				568DC7FB18DE76C500AFF785 /* back.png */,
				563D98C318DE56F00094FE3E /* background.png */,
				563D980418DE38180094FE3E /* trial1_kickmotion rhk-Info.plist */,
				563D980518DE38180094FE3E /* InfoPlist.strings */,
				563D980818DE38180094FE3E /* main.m */,
				563D980A18DE38180094FE3E /* trial1_kickmotion rhk-Prefix.pch */,
			);
			name = "Supporting Files";
			sourceTree = "<group>";
		};
		563D982118DE38190094FE3E /* trial1_kickmotion rhkTests */ = {
			isa = PBXGroup;
			children = (
				563D982718DE381A0094FE3E /* trial1_kickmotion_rhkTests.m */,
				563D982218DE38190094FE3E /* Supporting Files */,
			);
			path = "trial1_kickmotion rhkTests";
			sourceTree = "<group>";
		};
		563D982218DE38190094FE3E /* Supporting Files */ = {
			isa = PBXGroup;
			children = (
				563D982318DE38190094FE3E /* trial1_kickmotion rhkTests-Info.plist */,
				563D982418DE38190094FE3E /* InfoPlist.strings */,
			);
			name = "Supporting Files";
			sourceTree = "<group>";
		};
/* End PBXGroup section */

/* Begin PBXNativeTarget section */
		563D97F818DE38180094FE3E /* trial1_kickmotion rhk */ = {
			isa = PBXNativeTarget;
			buildConfigurationList = 563D982B18DE381A0094FE3E /* Build configuration list for PBXNativeTarget "trial1_kickmotion rhk" */;
			buildPhases = (
				563D97F518DE38180094FE3E /* Sources */,
				563D97F618DE38180094FE3E /* Frameworks */,
				563D97F718DE38180094FE3E /* Resources */,
			);
			buildRules = (
			);
			dependencies = (
			);
			name = "trial1_kickmotion rhk";
			productName = "trial1_kickmotion rhk";
			productReference = 563D97F918DE38180094FE3E /* trial1_kickmotion rhk.app */;
			productType = "com.apple.product-type.application";
		};
		563D981918DE38190094FE3E /* trial1_kickmotion rhkTests */ = {
			isa = PBXNativeTarget;
			buildConfigurationList = 563D982E18DE381A0094FE3E /* Build configuration list for PBXNativeTarget "trial1_kickmotion rhkTests" */;
			buildPhases = (
				563D981618DE38190094FE3E /* Sources */,
				563D981718DE38190094FE3E /* Frameworks */,
				563D981818DE38190094FE3E /* Resources */,
			);
			buildRules = (
			);
			dependencies = (
				563D982018DE38190094FE3E /* PBXTargetDependency */,
			);
			name = "trial1_kickmotion rhkTests";
			productName = "trial1_kickmotion rhkTests";
			productReference = 563D981A18DE38190094FE3E /* trial1_kickmotion rhkTests.xctest */;
			productType = "com.apple.product-type.bundle.unit-test";
		};
/* End PBXNativeTarget section */

/* Begin PBXProject section */
		563D97F118DE38180094FE3E /* Project object */ = {
			isa = PBXProject;
			attributes = {
				LastUpgradeCheck = 0510;
				ORGANIZATIONNAME = nyu.edu;
				TargetAttributes = {
					563D981918DE38190094FE3E = {
						TestTargetID = 563D97F818DE38180094FE3E;
					};
				};
			};
			buildConfigurationList = 563D97F418DE38180094FE3E /* Build configuration list for PBXProject "trial1_kickmotion rhk" */;
			compatibilityVersion = "Xcode 3.2";
			developmentRegion = English;
			hasScannedForEncodings = 0;
			knownRegions = (
				en,
				Base,
			);
			mainGroup = 563D97F018DE38180094FE3E;
			productRefGroup = 563D97FA18DE38180094FE3E /* Products */;
			projectDirPath = "";
			projectRoot = "";
			targets = (
				563D97F818DE38180094FE3E /* trial1_kickmotion rhk */,
				563D981918DE38190094FE3E /* trial1_kickmotion rhkTests */,
			);
		};
/* End PBXProject section */

/* Begin PBXResourcesBuildPhase section */
		563D97F718DE38180094FE3E /* Resources */ = {
			isa = PBXResourcesBuildPhase;
			buildActionMask = 2147483647;
			files = (
				568DC80218DE76CD00AFF785 /* stand1.png in Resources */,
				568FB70218DFB16F00147D1E /* rl_akick.png in Resources */,
				563D98C418DE56F00094FE3E /* background.png in Resources */,
				568FB70A18DFB41100147D1E /* rl_bkickp1.png in Resources */,
				568FB6F618DFAAA200147D1E /* rl_akickre.png in Resources */,
				568FB70E18DFB41100147D1E /* rl_bkickre.png in Resources */,
				568FB6E618DF896500147D1E /* rl_akickp1.png in Resources */,
				568DC80818DE82BA00AFF785 /* bprhk1.png in Resources */,
				568FB6FE18DFB0BF00147D1E /* ll_akickp2.png in Resources */,
				568FB6F418DFAA9000147D1E /* rl_akickp3.png in Resources */,
				568DC7FC18DE76C500AFF785 /* back.png in Resources */,
				568FB6FD18DFB0BF00147D1E /* ll_akickp1.png in Resources */,
				568DC80018DE76CD00AFF785 /* prhk.png in Resources */,
				568FB6E718DF896500147D1E /* rl_akickp2.png in Resources */,
				568FB70B18DFB41100147D1E /* rl_bkickp2.png in Resources */,
				568FB70918DFB41100147D1E /* rl_bkick.png in Resources */,
				568DC80118DE76CD00AFF785 /* rhk.png in Resources */,
				568FB6FC18DFB0BF00147D1E /* ll_akick.png in Resources */,
				568FB70018DFB0BF00147D1E /* ll_akickre.png in Resources */,
				568FB70D18DFB41100147D1E /* rl_bkickp4.png in Resources */,
				568FB6F218DF9D3B00147D1E /* martha.png in Resources */,
				568FB70C18DFB41100147D1E /* rl_bkickp3.png in Resources */,
				568DC80418DE7FEE00AFF785 /* prhk1.png in Resources */,
				568DC80618DE82B500AFF785 /* brhk.png in Resources */,
				563D981518DE38190094FE3E /* Images.xcassets in Resources */,
				563D980718DE38180094FE3E /* InfoPlist.strings in Resources */,
				568FB6FF18DFB0BF00147D1E /* ll_akickp3.png in Resources */,
				563D981018DE38180094FE3E /* Main.storyboard in Resources */,
			);
			runOnlyForDeploymentPostprocessing = 0;
		};
		563D981818DE38190094FE3E /* Resources */ = {
			isa = PBXResourcesBuildPhase;
			buildActionMask = 2147483647;
			files = (
				563D982618DE38190094FE3E /* InfoPlist.strings in Resources */,
			);
			runOnlyForDeploymentPostprocessing = 0;
		};
/* End PBXResourcesBuildPhase section */

/* Begin PBXSourcesBuildPhase section */
		563D97F518DE38180094FE3E /* Sources */ = {
			isa = PBXSourcesBuildPhase;
			buildActionMask = 2147483647;
			files = (
				563D981318DE38190094FE3E /* ViewController.m in Sources */,
				563D980D18DE38180094FE3E /* AppDelegate.m in Sources */,
				563D980918DE38180094FE3E /* main.m in Sources */,
				568FB6F018DF8FAA00147D1E /* sparring.m in Sources */,
				88F07DE318E3D67E008F2606 /* PlayerContainer.m in Sources */,
				88F07DE018E39A2A008F2606 /* Player.m in Sources */,
			);
			runOnlyForDeploymentPostprocessing = 0;
		};
		563D981618DE38190094FE3E /* Sources */ = {
			isa = PBXSourcesBuildPhase;
			buildActionMask = 2147483647;
			files = (
				563D982818DE381A0094FE3E /* trial1_kickmotion_rhkTests.m in Sources */,
			);
			runOnlyForDeploymentPostprocessing = 0;
		};
/* End PBXSourcesBuildPhase section */

/* Begin PBXTargetDependency section */
		563D982018DE38190094FE3E /* PBXTargetDependency */ = {
			isa = PBXTargetDependency;
			target = 563D97F818DE38180094FE3E /* trial1_kickmotion rhk */;
			targetProxy = 563D981F18DE38190094FE3E /* PBXContainerItemProxy */;
		};
/* End PBXTargetDependency section */

/* Begin PBXVariantGroup section */
		563D980518DE38180094FE3E /* InfoPlist.strings */ = {
			isa = PBXVariantGroup;
			children = (
				563D980618DE38180094FE3E /* en */,
			);
			name = InfoPlist.strings;
			sourceTree = "<group>";
		};
		563D980E18DE38180094FE3E /* Main.storyboard */ = {
			isa = PBXVariantGroup;
			children = (
				563D980F18DE38180094FE3E /* Base */,
			);
			name = Main.storyboard;
			sourceTree = "<group>";
		};
		563D982418DE38190094FE3E /* InfoPlist.strings */ = {
			isa = PBXVariantGroup;
			children = (
				563D982518DE38190094FE3E /* en */,
			);
			name = InfoPlist.strings;
			sourceTree = "<group>";
		};
/* End PBXVariantGroup section */

/* Begin XCBuildConfiguration section */
		563D982918DE381A0094FE3E /* Debug */ = {
			isa = XCBuildConfiguration;
			buildSettings = {
				ALWAYS_SEARCH_USER_PATHS = NO;
				CLANG_CXX_LANGUAGE_STANDARD = "gnu++0x";
				CLANG_CXX_LIBRARY = "libc++";
				CLANG_ENABLE_MODULES = YES;
				CLANG_ENABLE_OBJC_ARC = YES;
				CLANG_WARN_BOOL_CONVERSION = YES;
				CLANG_WARN_CONSTANT_CONVERSION = YES;
				CLANG_WARN_DIRECT_OBJC_ISA_USAGE = YES_ERROR;
				CLANG_WARN_EMPTY_BODY = YES;
				CLANG_WARN_ENUM_CONVERSION = YES;
				CLANG_WARN_INT_CONVERSION = YES;
				CLANG_WARN_OBJC_ROOT_CLASS = YES_ERROR;
				CLANG_WARN__DUPLICATE_METHOD_MATCH = YES;
				"CODE_SIGN_IDENTITY[sdk=iphoneos*]" = "iPhone Developer";
				COPY_PHASE_STRIP = NO;
				GCC_C_LANGUAGE_STANDARD = gnu99;
				GCC_DYNAMIC_NO_PIC = NO;
				GCC_OPTIMIZATION_LEVEL = 0;
				GCC_PREPROCESSOR_DEFINITIONS = (
					"DEBUG=1",
					"$(inherited)",
				);
				GCC_SYMBOLS_PRIVATE_EXTERN = NO;
				GCC_WARN_64_TO_32_BIT_CONVERSION = YES;
				GCC_WARN_ABOUT_RETURN_TYPE = YES_ERROR;
				GCC_WARN_UNDECLARED_SELECTOR = YES;
				GCC_WARN_UNINITIALIZED_AUTOS = YES_AGGRESSIVE;
				GCC_WARN_UNUSED_FUNCTION = YES;
				GCC_WARN_UNUSED_VARIABLE = YES;
				IPHONEOS_DEPLOYMENT_TARGET = 7.1;
				ONLY_ACTIVE_ARCH = YES;
				SDKROOT = iphoneos;
			};
			name = Debug;
		};
		563D982A18DE381A0094FE3E /* Release */ = {
			isa = XCBuildConfiguration;
			buildSettings = {
				ALWAYS_SEARCH_USER_PATHS = NO;
				CLANG_CXX_LANGUAGE_STANDARD = "gnu++0x";
				CLANG_CXX_LIBRARY = "libc++";
				CLANG_ENABLE_MODULES = YES;
				CLANG_ENABLE_OBJC_ARC = YES;
				CLANG_WARN_BOOL_CONVERSION = YES;
				CLANG_WARN_CONSTANT_CONVERSION = YES;
				CLANG_WARN_DIRECT_OBJC_ISA_USAGE = YES_ERROR;
				CLANG_WARN_EMPTY_BODY = YES;
				CLANG_WARN_ENUM_CONVERSION = YES;
				CLANG_WARN_INT_CONVERSION = YES;
				CLANG_WARN_OBJC_ROOT_CLASS = YES_ERROR;
				CLANG_WARN__DUPLICATE_METHOD_MATCH = YES;
				"CODE_SIGN_IDENTITY[sdk=iphoneos*]" = "iPhone Developer";
				COPY_PHASE_STRIP = YES;
				ENABLE_NS_ASSERTIONS = NO;
				GCC_C_LANGUAGE_STANDARD = gnu99;
				GCC_WARN_64_TO_32_BIT_CONVERSION = YES;
				GCC_WARN_ABOUT_RETURN_TYPE = YES_ERROR;
				GCC_WARN_UNDECLARED_SELECTOR = YES;
				GCC_WARN_UNINITIALIZED_AUTOS = YES_AGGRESSIVE;
				GCC_WARN_UNUSED_FUNCTION = YES;
				GCC_WARN_UNUSED_VARIABLE = YES;
				IPHONEOS_DEPLOYMENT_TARGET = 7.1;
				SDKROOT = iphoneos;
				VALIDATE_PRODUCT = YES;
			};
			name = Release;
		};
		563D982C18DE381A0094FE3E /* Debug */ = {
			isa = XCBuildConfiguration;
			buildSettings = {
				ASSETCATALOG_COMPILER_APPICON_NAME = AppIcon;
				ASSETCATALOG_COMPILER_LAUNCHIMAGE_NAME = LaunchImage;
				CODE_SIGN_IDENTITY = "iPhone Developer";
				GCC_PRECOMPILE_PREFIX_HEADER = YES;
				GCC_PREFIX_HEADER = "trial1_kickmotion rhk/trial1_kickmotion rhk-Prefix.pch";
				INFOPLIST_FILE = "trial1_kickmotion rhk/trial1_kickmotion rhk-Info.plist";
				PRODUCT_NAME = "$(TARGET_NAME)";
				WRAPPER_EXTENSION = app;
			};
			name = Debug;
		};
		563D982D18DE381A0094FE3E /* Release */ = {
			isa = XCBuildConfiguration;
			buildSettings = {
				ASSETCATALOG_COMPILER_APPICON_NAME = AppIcon;
				ASSETCATALOG_COMPILER_LAUNCHIMAGE_NAME = LaunchImage;
				CODE_SIGN_IDENTITY = "iPhone Developer";
				GCC_PRECOMPILE_PREFIX_HEADER = YES;
				GCC_PREFIX_HEADER = "trial1_kickmotion rhk/trial1_kickmotion rhk-Prefix.pch";
				INFOPLIST_FILE = "trial1_kickmotion rhk/trial1_kickmotion rhk-Info.plist";
				PRODUCT_NAME = "$(TARGET_NAME)";
				WRAPPER_EXTENSION = app;
			};
			name = Release;
		};
		563D982F18DE381A0094FE3E /* Debug */ = {
			isa = XCBuildConfiguration;
			buildSettings = {
				BUNDLE_LOADER = "$(BUILT_PRODUCTS_DIR)/trial1_kickmotion rhk.app/trial1_kickmotion rhk";
				FRAMEWORK_SEARCH_PATHS = (
					"$(SDKROOT)/Developer/Library/Frameworks",
					"$(inherited)",
					"$(DEVELOPER_FRAMEWORKS_DIR)",
				);
				GCC_PRECOMPILE_PREFIX_HEADER = YES;
				GCC_PREFIX_HEADER = "trial1_kickmotion rhk/trial1_kickmotion rhk-Prefix.pch";
				GCC_PREPROCESSOR_DEFINITIONS = (
					"DEBUG=1",
					"$(inherited)",
				);
				INFOPLIST_FILE = "trial1_kickmotion rhkTests/trial1_kickmotion rhkTests-Info.plist";
				PRODUCT_NAME = "$(TARGET_NAME)";
				TEST_HOST = "$(BUNDLE_LOADER)";
				WRAPPER_EXTENSION = xctest;
			};
			name = Debug;
		};
		563D983018DE381A0094FE3E /* Release */ = {
			isa = XCBuildConfiguration;
			buildSettings = {
				BUNDLE_LOADER = "$(BUILT_PRODUCTS_DIR)/trial1_kickmotion rhk.app/trial1_kickmotion rhk";
				FRAMEWORK_SEARCH_PATHS = (
					"$(SDKROOT)/Developer/Library/Frameworks",
					"$(inherited)",
					"$(DEVELOPER_FRAMEWORKS_DIR)",
				);
				GCC_PRECOMPILE_PREFIX_HEADER = YES;
				GCC_PREFIX_HEADER = "trial1_kickmotion rhk/trial1_kickmotion rhk-Prefix.pch";
				INFOPLIST_FILE = "trial1_kickmotion rhkTests/trial1_kickmotion rhkTests-Info.plist";
				PRODUCT_NAME = "$(TARGET_NAME)";
				TEST_HOST = "$(BUNDLE_LOADER)";
				WRAPPER_EXTENSION = xctest;
			};
			name = Release;
		};
/* End XCBuildConfiguration section */

/* Begin XCConfigurationList section */
		563D97F418DE38180094FE3E /* Build configuration list for PBXProject "trial1_kickmotion rhk" */ = {
			isa = XCConfigurationList;
			buildConfigurations = (
				563D982918DE381A0094FE3E /* Debug */,
				563D982A18DE381A0094FE3E /* Release */,
			);
			defaultConfigurationIsVisible = 0;
			defaultConfigurationName = Release;
		};
		563D982B18DE381A0094FE3E /* Build configuration list for PBXNativeTarget "trial1_kickmotion rhk" */ = {
			isa = XCConfigurationList;
			buildConfigurations = (
				563D982C18DE381A0094FE3E /* Debug */,
				563D982D18DE381A0094FE3E /* Release */,
			);
			defaultConfigurationIsVisible = 0;
			defaultConfigurationName = Release;
		};
		563D982E18DE381A0094FE3E /* Build configuration list for PBXNativeTarget "trial1_kickmotion rhkTests" */ = {
			isa = XCConfigurationList;
			buildConfigurations = (
				563D982F18DE381A0094FE3E /* Debug */,
				563D983018DE381A0094FE3E /* Release */,
			);
			defaultConfigurationIsVisible = 0;
			defaultConfigurationName = Release;
		};
/* End XCConfigurationList section */
	};
	rootObject = 563D97F118DE38180094FE3E /* Project object */;
}
